version = 1
revision = 3
requires-python = ">=3.13, <4"

[[package]]
name = "boto3"
version = "1.25.4"
source = { registry = "https://pypi.org/simple" }
dependencies = [
    { name = "botocore" },
    { name = "jmespath" },
    { name = "s3transfer" },
]
sdist = { url = "https://files.pythonhosted.org/packages/80/ab/956f77cbb907b486d100d5644064f02c1ddf21cda64435a9ffe0dd19ab82/boto3-1.25.4.tar.gz", hash = "sha256:03e5055d64a596f7a95ed0ca9fda1b67b7aed00d428e4ccef97f2f82b72ec875", size = 104022, upload-time = "2022-10-28T19:13:39.806Z" }
wheels = [
    { url = "https://files.pythonhosted.org/packages/89/f9/8acd800007422e77aa062315c60e758ad29e47063ac719fb4ad57e907518/boto3-1.25.4-py3-none-any.whl", hash = "sha256:4bbfe9540673940f5a3dea505c5469f48708a56fb588640adb8b6ab7d5f425be", size = 132482, upload-time = "2022-10-28T19:13:37.274Z" },
]

[[package]]
name = "botocore"
version = "1.28.4"
source = { registry = "https://pypi.org/simple" }
dependencies = [
    { name = "jmespath" },
    { name = "python-dateutil" },
    { name = "urllib3" },
]
sdist = { url = "https://files.pythonhosted.org/packages/92/d4/5a0127c24ebc39289bb5cdd4b928a24c2b8d9377778f69887984e613ca26/botocore-1.28.4.tar.gz", hash = "sha256:ade670506c9e837f61d590873a11c5d06ab9a8492b8d5b853d6c4059ecddc03d", size = 9533592, upload-time = "2022-10-28T19:13:33.768Z" }
wheels = [
    { url = "https://files.pythonhosted.org/packages/21/66/a34edc64b22cbc7a34da8c7ed53fc795204a0711778710878407ea405f98/botocore-1.28.4-py3-none-any.whl", hash = "sha256:09387978a75e7108aa15e8d67bfeb7938cce3d7043339c971daf4277dc4db804", size = 9297331, upload-time = "2022-10-28T19:13:28.872Z" },
]

[[package]]
name = "cloudwatch-log-group-enforcer"
version = "0.1.0"
source = { editable = "." }
dependencies = [
    { name = "boto3" },
]

[package.metadata]
requires-dist = [{ name = "boto3", specifier = ">=1.25.4,<2" }]

[[package]]
name = "jmespath"
version = "1.0.1"
source = { registry = "https://pypi.org/simple" }
sdist = { url = "https://files.pythonhosted.org/packages/00/2a/e867e8531cf3e36b41201936b7fa7ba7b5702dbef42922193f05c8976cd6/jmespath-1.0.1.tar.gz", hash = "sha256:90261b206d6defd58fdd5e85f478bf633a2901798906be2ad389150c5c60edbe", size = 25843, upload-time = "2022-06-17T18:00:12.224Z" }
wheels = [
    { url = "https://files.pythonhosted.org/packages/31/b4/b9b800c45527aadd64d5b442f9b932b00648617eb5d63d2c7a6587b7cafc/jmespath-1.0.1-py3-none-any.whl", hash = "sha256:02e2e4cc71b5bcab88332eebf907519190dd9e6e82107fa7f83b1003a6252980", size = 20256, upload-time = "2022-06-17T18:00:10.251Z" },
]

[[package]]
name = "python-dateutil"
version = "2.8.2"
source = { registry = "https://pypi.org/simple" }
dependencies = [
    { name = "six" },
]
sdist = { url = "https://files.pythonhosted.org/packages/4c/c4/13b4776ea2d76c115c1d1b84579f3764ee6d57204f6be27119f13a61d0a9/python-dateutil-2.8.2.tar.gz", hash = "sha256:0123cacc1627ae19ddf3c27a5de5bd67ee4586fbdd6440d9748f8abb483d3e86", size = 357324, upload-time = "2021-07-14T08:19:19.783Z" }
wheels = [
    { url = "https://files.pythonhosted.org/packages/36/7a/87837f39d0296e723bb9b62bbb257d0355c7f6128853c78955f57342a56d/python_dateutil-2.8.2-py2.py3-none-any.whl", hash = "sha256:961d03dc3453ebbc59dbdea9e4e11c5651520a876d0f4db161e8674aae935da9", size = 247702, upload-time = "2021-07-14T08:19:18.161Z" },
]

[[package]]
name = "s3transfer"
version = "0.6.0"
source = { registry = "https://pypi.org/simple" }
dependencies = [
    { name = "botocore" },
]
sdist = { url = "https://files.pythonhosted.org/packages/e1/eb/e57c93d5cd5edf8c1d124c831ef916601540db70acd96fa21fe60cef1365/s3transfer-0.6.0.tar.gz", hash = "sha256:2ed07d3866f523cc561bf4a00fc5535827981b117dd7876f036b0c1aca42c947", size = 134871, upload-time = "2022-05-31T19:44:53.132Z" }
wheels = [
    { url = "https://files.pythonhosted.org/packages/5e/c6/af903b5fab3f9b5b1e883f49a770066314c6dcceb589cf938d48c89556c1/s3transfer-0.6.0-py3-none-any.whl", hash = "sha256:06176b74f3a15f61f1b4f25a1fc29a4429040b7647133a463da8fa5bd28d5ecd", size = 79568, upload-time = "2022-05-31T19:44:50.831Z" },
]

[[package]]
name = "six"
version = "1.16.0"
source = { registry = "https://pypi.org/simple" }
sdist = { url = "https://files.pythonhosted.org/packages/71/39/171f1c67cd00715f190ba0b100d606d440a28c93c7714febeca8b79af85e/six-1.16.0.tar.gz", hash = "sha256:1e61c37477a1626458e36f7b1d82aa5c9b094fa4802892072e49de9c60c4c926", size = 34041, upload-time = "2021-05-05T14:18:18.379Z" }
wheels = [
    { url = "https://files.pythonhosted.org/packages/d9/5a/e7c31adbe875f2abbb91bd84cf2dc52d792b5a01506781dbcf25c91daf11/six-1.16.0-py2.py3-none-any.whl", hash = "sha256:8abb2f1d86890a2dfb989f9a77cfcfd3e47c2a354b01111771326f8aa26e0254", size = 11053, upload-time = "2021-05-05T14:18:17.237Z" },
]

[[package]]
name = "urllib3"
version = "1.26.12"
source = { registry = "https://pypi.org/simple" }
sdist = { url = "https://files.pythonhosted.org/packages/b2/56/d87d6d3c4121c0bcec116919350ca05dc3afd2eeb7dc88d07e8083f8ea94/urllib3-1.26.12.tar.gz", hash = "sha256:3fa96cf423e6987997fc326ae8df396db2a8b7c667747d47ddd8ecba91f4a74e", size = 299806, upload-time = "2022-08-22T13:27:23.256Z" }
wheels = [
    { url = "https://files.pythonhosted.org/packages/6f/de/5be2e3eed8426f871b170663333a0f627fc2924cc386cd41be065e7ea870/urllib3-1.26.12-py2.py3-none-any.whl", hash = "sha256:b930dd878d5a8afb066a637fbb35144fe7901e3b209d1cd4f524bd0e9deee997", size = 140381, upload-time = "2022-08-22T13:27:19.719Z" },
]
